// !$*UTF8*$!
{
	archiveVersion = 1;
	classes = {
	};
	objectVersion = 46;
	objects = {

/* Begin PBXAggregateTarget section */
		BB3E2AEB1477EC41009803B6 /* All targets */ = {
			isa = PBXAggregateTarget;
			buildConfigurationList = BB3E2AEE1477EC41009803B6 /* Build configuration list for PBXAggregateTarget "All targets" */;
			buildPhases = (
			);
			dependencies = (
				BB3E2AF11477EC4E009803B6 /* PBXTargetDependency */,
				BB3E2AF31477EC4E009803B6 /* PBXTargetDependency */,
				BB889324148A70C60017E6FD /* PBXTargetDependency */,
			);
			name = "All targets";
			productName = "All targets";
		};
/* End PBXAggregateTarget section */

/* Begin PBXBuildFile section */
		BB0A08EA1454E19800A5D44C /* LKKCKeychainItem.m in Sources */ = {isa = PBXBuildFile; fileRef = BB0E658B1454B21500C7FFF7 /* LKKCKeychainItem.m */; };
		BB0A08EB1454F0FD00A5D44C /* LKKCGenericPassword.m in Sources */ = {isa = PBXBuildFile; fileRef = BB0E65871454B1BC00C7FFF7 /* LKKCGenericPassword.m */; };
		BB0A08EE1454F68A00A5D44C /* LKKCInternetPassword.h in Headers */ = {isa = PBXBuildFile; fileRef = BB0A08EC1454F68A00A5D44C /* LKKCInternetPassword.h */; settings = {ATTRIBUTES = (Public, ); }; };
		BB0A08EF1454F68A00A5D44C /* LKKCInternetPassword.m in Sources */ = {isa = PBXBuildFile; fileRef = BB0A08ED1454F68A00A5D44C /* LKKCInternetPassword.m */; };
		BB0A08F21454F69A00A5D44C /* LKKCCertificate.h in Headers */ = {isa = PBXBuildFile; fileRef = BB0A08F01454F69A00A5D44C /* LKKCCertificate.h */; settings = {ATTRIBUTES = (Public, ); }; };
		BB0A08F31454F69A00A5D44C /* LKKCCertificate.m in Sources */ = {isa = PBXBuildFile; fileRef = BB0A08F11454F69A00A5D44C /* LKKCCertificate.m */; };
		BB0A08F61454F6AA00A5D44C /* LKKCIdentity.h in Headers */ = {isa = PBXBuildFile; fileRef = BB0A08F41454F6A900A5D44C /* LKKCIdentity.h */; settings = {ATTRIBUTES = (Public, ); }; };
		BB0A08F71454F6AA00A5D44C /* LKKCIdentity.m in Sources */ = {isa = PBXBuildFile; fileRef = BB0A08F51454F6A900A5D44C /* LKKCIdentity.m */; };
		BB0A08FA1454F6D400A5D44C /* LKKCKey.h in Headers */ = {isa = PBXBuildFile; fileRef = BB0A08F81454F6D400A5D44C /* LKKCKey.h */; settings = {ATTRIBUTES = (Public, ); }; };
		BB0A08FB1454F6D400A5D44C /* LKKCKey.m in Sources */ = {isa = PBXBuildFile; fileRef = BB0A08F91454F6D400A5D44C /* LKKCKey.m */; };
		BB0D9CA3149E2DCF00537099 /* LKKCTrust.h in Headers */ = {isa = PBXBuildFile; fileRef = BB0D9CA1149E2DCF00537099 /* LKKCTrust.h */; settings = {ATTRIBUTES = (Public, ); }; };
		BB0D9CA4149E2DCF00537099 /* LKKCTrust.m in Sources */ = {isa = PBXBuildFile; fileRef = BB0D9CA2149E2DCF00537099 /* LKKCTrust.m */; };
		BB0D9CB714A227E600537099 /* example.com (Expired CA).cer in Resources */ = {isa = PBXBuildFile; fileRef = BB0D9CA714A227D200537099 /* example.com (Expired CA).cer */; };
		BB0D9CB814A227F100537099 /* example.com (Expired).cer in Resources */ = {isa = PBXBuildFile; fileRef = BB0D9CA814A227D200537099 /* example.com (Expired).cer */; };
		BB0D9CB914A227F100537099 /* example.com (Expired, Intermediate CA).cer in Resources */ = {isa = PBXBuildFile; fileRef = BB0D9CA914A227D200537099 /* example.com (Expired, Intermediate CA).cer */; };
		BB0D9CBA14A227F100537099 /* example.com (Valid).cer in Resources */ = {isa = PBXBuildFile; fileRef = BB0D9CAA14A227D200537099 /* example.com (Valid).cer */; };
		BB0D9CBB14A227F100537099 /* example.com (Valid, Intermediate CA).cer in Resources */ = {isa = PBXBuildFile; fileRef = BB0D9CAB14A227D200537099 /* example.com (Valid, Intermediate CA).cer */; };
		BB0D9CBC14A227F100537099 /* LKKeychain Expired Test CA.cer in Resources */ = {isa = PBXBuildFile; fileRef = BB0D9CAC14A227D200537099 /* LKKeychain Expired Test CA.cer */; };
		BB0D9CBD14A227F100537099 /* LKKeychain Intermediate CA.cer in Resources */ = {isa = PBXBuildFile; fileRef = BB0D9CAD14A227D200537099 /* LKKeychain Intermediate CA.cer */; };
		BB0D9CBE14A227F100537099 /* LKKeychain Test CA.cer in Resources */ = {isa = PBXBuildFile; fileRef = BB0D9CAE14A227D200537099 /* LKKeychain Test CA.cer */; };
		BB0D9CC114A2281E00537099 /* LKKCTrustTests.m in Sources */ = {isa = PBXBuildFile; fileRef = BB0D9CC014A2281E00537099 /* LKKCTrustTests.m */; };
		BB0D9CC214A22C7400537099 /* LKKCKeychain.h in Headers */ = {isa = PBXBuildFile; fileRef = BBD30A6E1453553700512B69 /* LKKCKeychain.h */; settings = {ATTRIBUTES = (Public, ); }; };
		BB0D9CC314A22C7500537099 /* LKKCTrust.h in Headers */ = {isa = PBXBuildFile; fileRef = BB0D9CA1149E2DCF00537099 /* LKKCTrust.h */; settings = {ATTRIBUTES = (Public, ); }; };
		BB0D9CC414A22C7500537099 /* LKKCTrust.m in Sources */ = {isa = PBXBuildFile; fileRef = BB0D9CA2149E2DCF00537099 /* LKKCTrust.m */; };
		BB0D9CC614A2371100537099 /* example.com (Corrupt).cer in Resources */ = {isa = PBXBuildFile; fileRef = BB0D9CC514A2371100537099 /* example.com (Corrupt).cer */; };
		BB0D9CDA14A2A23C00537099 /* LKKCCertificateTests.m in Sources */ = {isa = PBXBuildFile; fileRef = BB0D9CD914A2A23B00537099 /* LKKCCertificateTests.m */; };
		BB0E65831454635F00C7FFF7 /* LKKCUtil.m in Sources */ = {isa = PBXBuildFile; fileRef = BB0E65821454635F00C7FFF7 /* LKKCUtil.m */; };
		BB0E65851454636900C7FFF7 /* LKKCUtil.h in Headers */ = {isa = PBXBuildFile; fileRef = BB0E65841454636900C7FFF7 /* LKKCUtil.h */; settings = {ATTRIBUTES = (Private, ); }; };
		BB0E65881454B1BC00C7FFF7 /* LKKCGenericPassword.h in Headers */ = {isa = PBXBuildFile; fileRef = BB0E65861454B1BC00C7FFF7 /* LKKCGenericPassword.h */; settings = {ATTRIBUTES = (Public, ); }; };
		BB0E658C1454B21500C7FFF7 /* LKKCKeychainItem.h in Headers */ = {isa = PBXBuildFile; fileRef = BB0E658A1454B21500C7FFF7 /* LKKCKeychainItem.h */; settings = {ATTRIBUTES = (Public, ); }; };
		BB209B421472062000735207 /* LKKCCryptoContext.h in Headers */ = {isa = PBXBuildFile; fileRef = BB209B401472062000735207 /* LKKCCryptoContext.h */; settings = {ATTRIBUTES = (Public, ); }; };
		BB209B431472062000735207 /* LKKCCryptoContext.m in Sources */ = {isa = PBXBuildFile; fileRef = BB209B411472062000735207 /* LKKCCryptoContext.m */; };
		BB209B4F1472F92E00735207 /* LKKeychainTestCase.m in Sources */ = {isa = PBXBuildFile; fileRef = BB209B4E1472F92E00735207 /* LKKeychainTestCase.m */; };
		BB209B521472FBAC00735207 /* RSATests.m in Sources */ = {isa = PBXBuildFile; fileRef = BB209B511472FBAB00735207 /* RSATests.m */; };
		BB209B53147300D400735207 /* AESTests.m in Sources */ = {isa = PBXBuildFile; fileRef = BB209B461472F8E500735207 /* AESTests.m */; };
		BB209B54147300D800735207 /* TripleDESTests.m in Sources */ = {isa = PBXBuildFile; fileRef = BB209B4A1472F8FB00735207 /* TripleDESTests.m */; };
		BB209B5A14732D6A00735207 /* Cocoa.framework in Frameworks */ = {isa = PBXBuildFile; fileRef = BBD30A611453553700512B69 /* Cocoa.framework */; };
		BB209B6414732E4D00735207 /* LKKCKeychain.m in Sources */ = {isa = PBXBuildFile; fileRef = BBD30A6F1453553700512B69 /* LKKCKeychain.m */; };
		BB209B6514732E4D00735207 /* LKKCKeychainItem.m in Sources */ = {isa = PBXBuildFile; fileRef = BB0E658B1454B21500C7FFF7 /* LKKCKeychainItem.m */; };
		BB209B6614732E4D00735207 /* LKKCGenericPassword.m in Sources */ = {isa = PBXBuildFile; fileRef = BB0E65871454B1BC00C7FFF7 /* LKKCGenericPassword.m */; };
		BB209B6714732E4D00735207 /* LKKCInternetPassword.m in Sources */ = {isa = PBXBuildFile; fileRef = BB0A08ED1454F68A00A5D44C /* LKKCInternetPassword.m */; };
		BB209B6814732E4D00735207 /* LKKCCertificate.m in Sources */ = {isa = PBXBuildFile; fileRef = BB0A08F11454F69A00A5D44C /* LKKCCertificate.m */; };
		BB209B6914732E4D00735207 /* LKKCIdentity.m in Sources */ = {isa = PBXBuildFile; fileRef = BB0A08F51454F6A900A5D44C /* LKKCIdentity.m */; };
		BB209B6A14732E4D00735207 /* LKKCKey.m in Sources */ = {isa = PBXBuildFile; fileRef = BB0A08F91454F6D400A5D44C /* LKKCKey.m */; };
		BB209B6B14732E4D00735207 /* LKKCCryptoContext.m in Sources */ = {isa = PBXBuildFile; fileRef = BB209B411472062000735207 /* LKKCCryptoContext.m */; };
		BB209B6C14732E4D00735207 /* LKKCKeyPair.m in Sources */ = {isa = PBXBuildFile; fileRef = BB23B2A3146F186400CF8EEB /* LKKCKeyPair.m */; };
		BB209B6D14732E4D00735207 /* LKKCKeyGenerator.m in Sources */ = {isa = PBXBuildFile; fileRef = BB23B2A7146F3CA200CF8EEB /* LKKCKeyGenerator.m */; };
		BB209B6E14732E4D00735207 /* LKKCUtil.m in Sources */ = {isa = PBXBuildFile; fileRef = BB0E65821454635F00C7FFF7 /* LKKCUtil.m */; };
		BB209B6F1473366500735207 /* LKKeychain.h in Headers */ = {isa = PBXBuildFile; fileRef = BBCC8B771466F89200691978 /* LKKeychain.h */; settings = {ATTRIBUTES = (Public, ); }; };
		BB209B701473366500735207 /* LKKCKeychain.h in Headers */ = {isa = PBXBuildFile; fileRef = BBD30A6E1453553700512B69 /* LKKCKeychain.h */; settings = {ATTRIBUTES = (Public, ); }; };
		BB209B711473366500735207 /* LKKCKeychainItem.h in Headers */ = {isa = PBXBuildFile; fileRef = BB0E658A1454B21500C7FFF7 /* LKKCKeychainItem.h */; settings = {ATTRIBUTES = (Public, ); }; };
		BB209B721473366500735207 /* LKKCGenericPassword.h in Headers */ = {isa = PBXBuildFile; fileRef = BB0E65861454B1BC00C7FFF7 /* LKKCGenericPassword.h */; settings = {ATTRIBUTES = (Public, ); }; };
		BB209B731473366500735207 /* LKKCInternetPassword.h in Headers */ = {isa = PBXBuildFile; fileRef = BB0A08EC1454F68A00A5D44C /* LKKCInternetPassword.h */; settings = {ATTRIBUTES = (Public, ); }; };
		BB209B741473366500735207 /* LKKCCertificate.h in Headers */ = {isa = PBXBuildFile; fileRef = BB0A08F01454F69A00A5D44C /* LKKCCertificate.h */; settings = {ATTRIBUTES = (Public, ); }; };
		BB209B751473366500735207 /* LKKCIdentity.h in Headers */ = {isa = PBXBuildFile; fileRef = BB0A08F41454F6A900A5D44C /* LKKCIdentity.h */; settings = {ATTRIBUTES = (Public, ); }; };
		BB209B761473366500735207 /* LKKCKey.h in Headers */ = {isa = PBXBuildFile; fileRef = BB0A08F81454F6D400A5D44C /* LKKCKey.h */; settings = {ATTRIBUTES = (Public, ); }; };
		BB209B771473366500735207 /* LKKCCryptoContext.h in Headers */ = {isa = PBXBuildFile; fileRef = BB209B401472062000735207 /* LKKCCryptoContext.h */; settings = {ATTRIBUTES = (Public, ); }; };
		BB209B781473366500735207 /* LKKCKeyPair.h in Headers */ = {isa = PBXBuildFile; fileRef = BB23B2A2146F186400CF8EEB /* LKKCKeyPair.h */; settings = {ATTRIBUTES = (Public, ); }; };
		BB209B791473366500735207 /* LKKCKeyGenerator.h in Headers */ = {isa = PBXBuildFile; fileRef = BB23B2A6146F3CA200CF8EEB /* LKKCKeyGenerator.h */; settings = {ATTRIBUTES = (Public, ); }; };
		BB209B7A1473368000735207 /* LKKCKeychainItem+Subclasses.h in Headers */ = {isa = PBXBuildFile; fileRef = BB7B618F1460773F00725E1C /* LKKCKeychainItem+Subclasses.h */; settings = {ATTRIBUTES = (Private, ); }; };
		BB209B7B1473368000735207 /* LKKCKey+Private.h in Headers */ = {isa = PBXBuildFile; fileRef = BB23B2B01471989900CF8EEB /* LKKCKey+Private.h */; settings = {ATTRIBUTES = (Private, ); }; };
		BB209B7C1473368000735207 /* LKKCUtil.h in Headers */ = {isa = PBXBuildFile; fileRef = BB0E65841454636900C7FFF7 /* LKKCUtil.h */; settings = {ATTRIBUTES = (Private, ); }; };
		BB23B285146D5FDF00CF8EEB /* LKKCGenericPasswordTests.m in Sources */ = {isa = PBXBuildFile; fileRef = BB23B281146D5FC600CF8EEB /* LKKCGenericPasswordTests.m */; };
		BB23B288146DF3D000CF8EEB /* LKKCInternetPasswordTests.m in Sources */ = {isa = PBXBuildFile; fileRef = BB23B287146DF3D000CF8EEB /* LKKCInternetPasswordTests.m */; };
		BB23B2A4146F186500CF8EEB /* LKKCKeyPair.h in Headers */ = {isa = PBXBuildFile; fileRef = BB23B2A2146F186400CF8EEB /* LKKCKeyPair.h */; settings = {ATTRIBUTES = (Public, ); }; };
		BB23B2A5146F186500CF8EEB /* LKKCKeyPair.m in Sources */ = {isa = PBXBuildFile; fileRef = BB23B2A3146F186400CF8EEB /* LKKCKeyPair.m */; };
		BB23B2A8146F3CA200CF8EEB /* LKKCKeyGenerator.h in Headers */ = {isa = PBXBuildFile; fileRef = BB23B2A6146F3CA200CF8EEB /* LKKCKeyGenerator.h */; settings = {ATTRIBUTES = (Public, ); }; };
		BB23B2A9146F3CA200CF8EEB /* LKKCKeyGenerator.m in Sources */ = {isa = PBXBuildFile; fileRef = BB23B2A7146F3CA200CF8EEB /* LKKCKeyGenerator.m */; };
		BB23B2AC146F5F2D00CF8EEB /* LKKCKeyTests.m in Sources */ = {isa = PBXBuildFile; fileRef = BB23B2AB146F5F2D00CF8EEB /* LKKCKeyTests.m */; };
		BB23B2B21471989B00CF8EEB /* LKKCKey+Private.h in Headers */ = {isa = PBXBuildFile; fileRef = BB23B2B01471989900CF8EEB /* LKKCKey+Private.h */; settings = {ATTRIBUTES = (Private, ); }; };
		BB7B6085145C7ACE00725E1C /* Security.framework in Frameworks */ = {isa = PBXBuildFile; fileRef = BBD30A8E1453556300512B69 /* Security.framework */; };
		BB7B61911460774000725E1C /* LKKCKeychainItem+Subclasses.h in Headers */ = {isa = PBXBuildFile; fileRef = BB7B618F1460773F00725E1C /* LKKCKeychainItem+Subclasses.h */; settings = {ATTRIBUTES = (Private, ); }; };
		BBCC8B781466F89200691978 /* LKKeychain.h in Headers */ = {isa = PBXBuildFile; fileRef = BBCC8B771466F89200691978 /* LKKeychain.h */; settings = {ATTRIBUTES = (Public, ); }; };
		BBD30A621453553700512B69 /* Cocoa.framework in Frameworks */ = {isa = PBXBuildFile; fileRef = BBD30A611453553700512B69 /* Cocoa.framework */; };
		BBD30A6C1453553700512B69 /* InfoPlist.strings in Resources */ = {isa = PBXBuildFile; fileRef = BBD30A6A1453553700512B69 /* InfoPlist.strings */; };
		BBD30A701453553700512B69 /* LKKCKeychain.m in Sources */ = {isa = PBXBuildFile; fileRef = BBD30A6F1453553700512B69 /* LKKCKeychain.m */; };
		BBD30A781453553700512B69 /* SenTestingKit.framework in Frameworks */ = {isa = PBXBuildFile; fileRef = BBD30A771453553700512B69 /* SenTestingKit.framework */; };
		BBD30A791453553700512B69 /* Cocoa.framework in Frameworks */ = {isa = PBXBuildFile; fileRef = BBD30A611453553700512B69 /* Cocoa.framework */; };
		BBD30A7C1453553700512B69 /* LKKeychain.framework in Frameworks */ = {isa = PBXBuildFile; fileRef = BBD30A5E1453553700512B69 /* LKKeychain.framework */; };
		BBD30A821453553700512B69 /* InfoPlist.strings in Resources */ = {isa = PBXBuildFile; fileRef = BBD30A801453553700512B69 /* InfoPlist.strings */; };
		BBD30A851453553700512B69 /* LKKCKeychainTests.m in Sources */ = {isa = PBXBuildFile; fileRef = BBD30A841453553700512B69 /* LKKCKeychainTests.m */; };
		BBD30A8F1453556300512B69 /* Security.framework in Frameworks */ = {isa = PBXBuildFile; fileRef = BBD30A8E1453556300512B69 /* Security.framework */; };
/* End PBXBuildFile section */

/* Begin PBXContainerItemProxy section */
		BB3E2AF01477EC4E009803B6 /* PBXContainerItemProxy */ = {
			isa = PBXContainerItemProxy;
			containerPortal = BBD30A541453553600512B69 /* Project object */;
			proxyType = 1;
			remoteGlobalIDString = BBD30A5D1453553700512B69;
			remoteInfo = LKKeychain;
		};
		BB3E2AF21477EC4E009803B6 /* PBXContainerItemProxy */ = {
			isa = PBXContainerItemProxy;
			containerPortal = BBD30A541453553600512B69 /* Project object */;
			proxyType = 1;
			remoteGlobalIDString = BB209B5814732D6A00735207;
			remoteInfo = lkkeychain;
		};
		BB889323148A70C60017E6FD /* PBXContainerItemProxy */ = {
			isa = PBXContainerItemProxy;
			containerPortal = BBD30A541453553600512B69 /* Project object */;
			proxyType = 1;
			remoteGlobalIDString = BB88931E148A70860017E6FD;
			remoteInfo = Documentation;
		};
		BBD30A7A1453553700512B69 /* PBXContainerItemProxy */ = {
			isa = PBXContainerItemProxy;
			containerPortal = BBD30A541453553600512B69 /* Project object */;
			proxyType = 1;
			remoteGlobalIDString = BBD30A5D1453553700512B69;
			remoteInfo = LKKeychain;
		};
/* End PBXContainerItemProxy section */

/* Begin PBXFileReference section */
		BB0A08EC1454F68A00A5D44C /* LKKCInternetPassword.h */ = {isa = PBXFileReference; fileEncoding = 4; lastKnownFileType = sourcecode.c.h; path = LKKCInternetPassword.h; sourceTree = "<group>"; };
		BB0A08ED1454F68A00A5D44C /* LKKCInternetPassword.m */ = {isa = PBXFileReference; fileEncoding = 4; lastKnownFileType = sourcecode.c.objc; path = LKKCInternetPassword.m; sourceTree = "<group>"; };
		BB0A08F01454F69A00A5D44C /* LKKCCertificate.h */ = {isa = PBXFileReference; fileEncoding = 4; lastKnownFileType = sourcecode.c.h; path = LKKCCertificate.h; sourceTree = "<group>"; };
		BB0A08F11454F69A00A5D44C /* LKKCCertificate.m */ = {isa = PBXFileReference; fileEncoding = 4; lastKnownFileType = sourcecode.c.objc; path = LKKCCertificate.m; sourceTree = "<group>"; };
		BB0A08F41454F6A900A5D44C /* LKKCIdentity.h */ = {isa = PBXFileReference; fileEncoding = 4; lastKnownFileType = sourcecode.c.h; path = LKKCIdentity.h; sourceTree = "<group>"; };
		BB0A08F51454F6A900A5D44C /* LKKCIdentity.m */ = {isa = PBXFileReference; fileEncoding = 4; lastKnownFileType = sourcecode.c.objc; path = LKKCIdentity.m; sourceTree = "<group>"; };
		BB0A08F81454F6D400A5D44C /* LKKCKey.h */ = {isa = PBXFileReference; fileEncoding = 4; lastKnownFileType = sourcecode.c.h; path = LKKCKey.h; sourceTree = "<group>"; };
		BB0A08F91454F6D400A5D44C /* LKKCKey.m */ = {isa = PBXFileReference; fileEncoding = 4; lastKnownFileType = sourcecode.c.objc; path = LKKCKey.m; sourceTree = "<group>"; };
		BB0D9CA1149E2DCF00537099 /* LKKCTrust.h */ = {isa = PBXFileReference; fileEncoding = 4; lastKnownFileType = sourcecode.c.h; path = LKKCTrust.h; sourceTree = "<group>"; };
		BB0D9CA2149E2DCF00537099 /* LKKCTrust.m */ = {isa = PBXFileReference; fileEncoding = 4; lastKnownFileType = sourcecode.c.objc; path = LKKCTrust.m; sourceTree = "<group>"; };
		BB0D9CA714A227D200537099 /* example.com (Expired CA).cer */ = {isa = PBXFileReference; lastKnownFileType = file; path = "example.com (Expired CA).cer"; sourceTree = "<group>"; };
		BB0D9CA814A227D200537099 /* example.com (Expired).cer */ = {isa = PBXFileReference; lastKnownFileType = file; path = "example.com (Expired).cer"; sourceTree = "<group>"; };
		BB0D9CA914A227D200537099 /* example.com (Expired, Intermediate CA).cer */ = {isa = PBXFileReference; lastKnownFileType = file; path = "example.com (Expired, Intermediate CA).cer"; sourceTree = "<group>"; };
		BB0D9CAA14A227D200537099 /* example.com (Valid).cer */ = {isa = PBXFileReference; lastKnownFileType = file; path = "example.com (Valid).cer"; sourceTree = "<group>"; };
		BB0D9CAB14A227D200537099 /* example.com (Valid, Intermediate CA).cer */ = {isa = PBXFileReference; lastKnownFileType = file; path = "example.com (Valid, Intermediate CA).cer"; sourceTree = "<group>"; };
		BB0D9CAC14A227D200537099 /* LKKeychain Expired Test CA.cer */ = {isa = PBXFileReference; lastKnownFileType = file; path = "LKKeychain Expired Test CA.cer"; sourceTree = "<group>"; };
		BB0D9CAD14A227D200537099 /* LKKeychain Intermediate CA.cer */ = {isa = PBXFileReference; lastKnownFileType = file; path = "LKKeychain Intermediate CA.cer"; sourceTree = "<group>"; };
		BB0D9CAE14A227D200537099 /* LKKeychain Test CA.cer */ = {isa = PBXFileReference; lastKnownFileType = file; path = "LKKeychain Test CA.cer"; sourceTree = "<group>"; };
		BB0D9CBF14A2281D00537099 /* LKKCTrustTests.h */ = {isa = PBXFileReference; fileEncoding = 4; lastKnownFileType = sourcecode.c.h; path = LKKCTrustTests.h; sourceTree = "<group>"; };
		BB0D9CC014A2281E00537099 /* LKKCTrustTests.m */ = {isa = PBXFileReference; fileEncoding = 4; lastKnownFileType = sourcecode.c.objc; path = LKKCTrustTests.m; sourceTree = "<group>"; };
		BB0D9CC514A2371100537099 /* example.com (Corrupt).cer */ = {isa = PBXFileReference; lastKnownFileType = file; path = "example.com (Corrupt).cer"; sourceTree = "<group>"; };
		BB0D9CD814A2A23B00537099 /* LKKCCertificateTests.h */ = {isa = PBXFileReference; fileEncoding = 4; lastKnownFileType = sourcecode.c.h; path = LKKCCertificateTests.h; sourceTree = "<group>"; };
		BB0D9CD914A2A23B00537099 /* LKKCCertificateTests.m */ = {isa = PBXFileReference; fileEncoding = 4; lastKnownFileType = sourcecode.c.objc; path = LKKCCertificateTests.m; sourceTree = "<group>"; };
		BB0D9CF714A2D9E000537099 /* Framework Bugs.markdown */ = {isa = PBXFileReference; lastKnownFileType = text; path = "Framework Bugs.markdown"; sourceTree = "<group>"; };
		BB0E65821454635F00C7FFF7 /* LKKCUtil.m */ = {isa = PBXFileReference; fileEncoding = 4; lastKnownFileType = sourcecode.c.objc; path = LKKCUtil.m; sourceTree = "<group>"; };
		BB0E65841454636900C7FFF7 /* LKKCUtil.h */ = {isa = PBXFileReference; fileEncoding = 4; lastKnownFileType = sourcecode.c.h; path = LKKCUtil.h; sourceTree = "<group>"; };
		BB0E65861454B1BC00C7FFF7 /* LKKCGenericPassword.h */ = {isa = PBXFileReference; fileEncoding = 4; lastKnownFileType = sourcecode.c.h; path = LKKCGenericPassword.h; sourceTree = "<group>"; };
		BB0E65871454B1BC00C7FFF7 /* LKKCGenericPassword.m */ = {isa = PBXFileReference; fileEncoding = 4; lastKnownFileType = sourcecode.c.objc; path = LKKCGenericPassword.m; sourceTree = "<group>"; };
		BB0E658A1454B21500C7FFF7 /* LKKCKeychainItem.h */ = {isa = PBXFileReference; fileEncoding = 4; lastKnownFileType = sourcecode.c.h; path = LKKCKeychainItem.h; sourceTree = "<group>"; };
		BB0E658B1454B21500C7FFF7 /* LKKCKeychainItem.m */ = {isa = PBXFileReference; fileEncoding = 4; lastKnownFileType = sourcecode.c.objc; path = LKKCKeychainItem.m; sourceTree = "<group>"; };
		BB209B401472062000735207 /* LKKCCryptoContext.h */ = {isa = PBXFileReference; fileEncoding = 4; lastKnownFileType = sourcecode.c.h; path = LKKCCryptoContext.h; sourceTree = "<group>"; };
		BB209B411472062000735207 /* LKKCCryptoContext.m */ = {isa = PBXFileReference; fileEncoding = 4; lastKnownFileType = sourcecode.c.objc; path = LKKCCryptoContext.m; sourceTree = "<group>"; };
		BB209B451472F8E500735207 /* AESTests.h */ = {isa = PBXFileReference; fileEncoding = 4; lastKnownFileType = sourcecode.c.h; path = AESTests.h; sourceTree = "<group>"; };
		BB209B461472F8E500735207 /* AESTests.m */ = {isa = PBXFileReference; fileEncoding = 4; lastKnownFileType = sourcecode.c.objc; path = AESTests.m; sourceTree = "<group>"; };
		BB209B491472F8FB00735207 /* TripleDESTests.h */ = {isa = PBXFileReference; fileEncoding = 4; lastKnownFileType = sourcecode.c.h; path = TripleDESTests.h; sourceTree = "<group>"; };
		BB209B4A1472F8FB00735207 /* TripleDESTests.m */ = {isa = PBXFileReference; fileEncoding = 4; lastKnownFileType = sourcecode.c.objc; path = TripleDESTests.m; sourceTree = "<group>"; };
		BB209B4D1472F92E00735207 /* LKKeychainTestCase.h */ = {isa = PBXFileReference; fileEncoding = 4; lastKnownFileType = sourcecode.c.h; path = LKKeychainTestCase.h; sourceTree = "<group>"; };
		BB209B4E1472F92E00735207 /* LKKeychainTestCase.m */ = {isa = PBXFileReference; fileEncoding = 4; lastKnownFileType = sourcecode.c.objc; path = LKKeychainTestCase.m; sourceTree = "<group>"; };
		BB209B501472FBAB00735207 /* RSATests.h */ = {isa = PBXFileReference; fileEncoding = 4; lastKnownFileType = sourcecode.c.h; path = RSATests.h; sourceTree = "<group>"; };
		BB209B511472FBAB00735207 /* RSATests.m */ = {isa = PBXFileReference; fileEncoding = 4; lastKnownFileType = sourcecode.c.objc; path = RSATests.m; sourceTree = "<group>"; };
		BB209B5914732D6A00735207 /* liblkkeychain.a */ = {isa = PBXFileReference; explicitFileType = archive.ar; includeInIndex = 0; path = liblkkeychain.a; sourceTree = BUILT_PRODUCTS_DIR; };
		BB23B280146D5FC600CF8EEB /* LKKCGenericPasswordTests.h */ = {isa = PBXFileReference; fileEncoding = 4; lastKnownFileType = sourcecode.c.h; path = LKKCGenericPasswordTests.h; sourceTree = "<group>"; };
		BB23B281146D5FC600CF8EEB /* LKKCGenericPasswordTests.m */ = {isa = PBXFileReference; fileEncoding = 4; lastKnownFileType = sourcecode.c.objc; path = LKKCGenericPasswordTests.m; sourceTree = "<group>"; };
		BB23B286146DF3D000CF8EEB /* LKKCInternetPasswordTests.h */ = {isa = PBXFileReference; fileEncoding = 4; lastKnownFileType = sourcecode.c.h; path = LKKCInternetPasswordTests.h; sourceTree = "<group>"; };
		BB23B287146DF3D000CF8EEB /* LKKCInternetPasswordTests.m */ = {isa = PBXFileReference; fileEncoding = 4; lastKnownFileType = sourcecode.c.objc; path = LKKCInternetPasswordTests.m; sourceTree = "<group>"; };
		BB23B2A2146F186400CF8EEB /* LKKCKeyPair.h */ = {isa = PBXFileReference; fileEncoding = 4; lastKnownFileType = sourcecode.c.h; path = LKKCKeyPair.h; sourceTree = "<group>"; };
		BB23B2A3146F186400CF8EEB /* LKKCKeyPair.m */ = {isa = PBXFileReference; fileEncoding = 4; lastKnownFileType = sourcecode.c.objc; path = LKKCKeyPair.m; sourceTree = "<group>"; };
		BB23B2A6146F3CA200CF8EEB /* LKKCKeyGenerator.h */ = {isa = PBXFileReference; fileEncoding = 4; lastKnownFileType = sourcecode.c.h; path = LKKCKeyGenerator.h; sourceTree = "<group>"; };
		BB23B2A7146F3CA200CF8EEB /* LKKCKeyGenerator.m */ = {isa = PBXFileReference; fileEncoding = 4; lastKnownFileType = sourcecode.c.objc; path = LKKCKeyGenerator.m; sourceTree = "<group>"; };
		BB23B2AA146F5F2D00CF8EEB /* LKKCKeyTests.h */ = {isa = PBXFileReference; fileEncoding = 4; lastKnownFileType = sourcecode.c.h; path = LKKCKeyTests.h; sourceTree = "<group>"; };
		BB23B2AB146F5F2D00CF8EEB /* LKKCKeyTests.m */ = {isa = PBXFileReference; fileEncoding = 4; lastKnownFileType = sourcecode.c.objc; path = LKKCKeyTests.m; sourceTree = "<group>"; };
		BB23B2B01471989900CF8EEB /* LKKCKey+Private.h */ = {isa = PBXFileReference; fileEncoding = 4; lastKnownFileType = sourcecode.c.h; path = "LKKCKey+Private.h"; sourceTree = "<group>"; };
		BB7B60AB145CA8CD00725E1C /* README.markdown */ = {isa = PBXFileReference; fileEncoding = 4; lastKnownFileType = text; path = README.markdown; sourceTree = "<group>"; };
		BB7B60AD145CB39500725E1C /* Notes.rtf */ = {isa = PBXFileReference; fileEncoding = 4; lastKnownFileType = text.rtf; path = Notes.rtf; sourceTree = "<group>"; };
		BB7B618F1460773F00725E1C /* LKKCKeychainItem+Subclasses.h */ = {isa = PBXFileReference; fileEncoding = 4; lastKnownFileType = sourcecode.c.h; path = "LKKCKeychainItem+Subclasses.h"; sourceTree = "<group>"; };
		BB889341148A854A0017E6FD /* AppledocSettings.plist */ = {isa = PBXFileReference; lastKnownFileType = text.plist.xml; path = AppledocSettings.plist; sourceTree = "<group>"; };
		BB889342148A9C7E0017E6FD /* index.markdown */ = {isa = PBXFileReference; lastKnownFileType = text; path = index.markdown; sourceTree = "<group>"; };
		BB889343148AF0F20017E6FD /* LICENSE.markdown */ = {isa = PBXFileReference; lastKnownFileType = text; path = LICENSE.markdown; sourceTree = "<group>"; };
		BBCC8B771466F89200691978 /* LKKeychain.h */ = {isa = PBXFileReference; fileEncoding = 4; lastKnownFileType = sourcecode.c.h; path = LKKeychain.h; sourceTree = "<group>"; };
		BBD30A5E1453553700512B69 /* LKKeychain.framework */ = {isa = PBXFileReference; explicitFileType = wrapper.framework; includeInIndex = 0; path = LKKeychain.framework; sourceTree = BUILT_PRODUCTS_DIR; };
		BBD30A611453553700512B69 /* Cocoa.framework */ = {isa = PBXFileReference; lastKnownFileType = wrapper.framework; name = Cocoa.framework; path = System/Library/Frameworks/Cocoa.framework; sourceTree = SDKROOT; };
		BBD30A641453553700512B69 /* AppKit.framework */ = {isa = PBXFileReference; lastKnownFileType = wrapper.framework; name = AppKit.framework; path = System/Library/Frameworks/AppKit.framework; sourceTree = SDKROOT; };
		BBD30A651453553700512B69 /* CoreData.framework */ = {isa = PBXFileReference; lastKnownFileType = wrapper.framework; name = CoreData.framework; path = System/Library/Frameworks/CoreData.framework; sourceTree = SDKROOT; };
		BBD30A661453553700512B69 /* Foundation.framework */ = {isa = PBXFileReference; lastKnownFileType = wrapper.framework; name = Foundation.framework; path = System/Library/Frameworks/Foundation.framework; sourceTree = SDKROOT; };
		BBD30A691453553700512B69 /* LKKeychain-Info.plist */ = {isa = PBXFileReference; lastKnownFileType = text.plist.xml; path = "LKKeychain-Info.plist"; sourceTree = "<group>"; };
		BBD30A6B1453553700512B69 /* en */ = {isa = PBXFileReference; lastKnownFileType = text.plist.strings; name = en; path = en.lproj/InfoPlist.strings; sourceTree = "<group>"; };
		BBD30A6D1453553700512B69 /* LKKeychain-Prefix.pch */ = {isa = PBXFileReference; lastKnownFileType = sourcecode.c.h; path = "LKKeychain-Prefix.pch"; sourceTree = "<group>"; };
		BBD30A6E1453553700512B69 /* LKKCKeychain.h */ = {isa = PBXFileReference; lastKnownFileType = sourcecode.c.h; path = LKKCKeychain.h; sourceTree = "<group>"; };
		BBD30A6F1453553700512B69 /* LKKCKeychain.m */ = {isa = PBXFileReference; lastKnownFileType = sourcecode.c.objc; path = LKKCKeychain.m; sourceTree = "<group>"; };
		BBD30A761453553700512B69 /* LKKeychainTests.octest */ = {isa = PBXFileReference; explicitFileType = wrapper.cfbundle; includeInIndex = 0; path = LKKeychainTests.octest; sourceTree = BUILT_PRODUCTS_DIR; };
		BBD30A771453553700512B69 /* SenTestingKit.framework */ = {isa = PBXFileReference; lastKnownFileType = wrapper.framework; name = SenTestingKit.framework; path = Library/Frameworks/SenTestingKit.framework; sourceTree = DEVELOPER_DIR; };
		BBD30A7F1453553700512B69 /* LKKeychainTests-Info.plist */ = {isa = PBXFileReference; lastKnownFileType = text.plist.xml; path = "LKKeychainTests-Info.plist"; sourceTree = "<group>"; };
		BBD30A811453553700512B69 /* en */ = {isa = PBXFileReference; lastKnownFileType = text.plist.strings; name = en; path = en.lproj/InfoPlist.strings; sourceTree = "<group>"; };
		BBD30A831453553700512B69 /* LKKCKeychainTests.h */ = {isa = PBXFileReference; lastKnownFileType = sourcecode.c.h; path = LKKCKeychainTests.h; sourceTree = "<group>"; };
		BBD30A841453553700512B69 /* LKKCKeychainTests.m */ = {isa = PBXFileReference; lastKnownFileType = sourcecode.c.objc; path = LKKCKeychainTests.m; sourceTree = "<group>"; };
		BBD30A8E1453556300512B69 /* Security.framework */ = {isa = PBXFileReference; lastKnownFileType = wrapper.framework; name = Security.framework; path = System/Library/Frameworks/Security.framework; sourceTree = SDKROOT; };
/* End PBXFileReference section */

/* Begin PBXFrameworksBuildPhase section */
		BB209B5614732D6A00735207 /* Frameworks */ = {
			isa = PBXFrameworksBuildPhase;
			buildActionMask = 2147483647;
			files = (
				BB209B5A14732D6A00735207 /* Cocoa.framework in Frameworks */,
			);
			runOnlyForDeploymentPostprocessing = 0;
		};
		BBD30A5A1453553700512B69 /* Frameworks */ = {
			isa = PBXFrameworksBuildPhase;
			buildActionMask = 2147483647;
			files = (
				BBD30A8F1453556300512B69 /* Security.framework in Frameworks */,
				BBD30A621453553700512B69 /* Cocoa.framework in Frameworks */,
			);
			runOnlyForDeploymentPostprocessing = 0;
		};
		BBD30A721453553700512B69 /* Frameworks */ = {
			isa = PBXFrameworksBuildPhase;
			buildActionMask = 2147483647;
			files = (
				BB7B6085145C7ACE00725E1C /* Security.framework in Frameworks */,
				BBD30A781453553700512B69 /* SenTestingKit.framework in Frameworks */,
				BBD30A791453553700512B69 /* Cocoa.framework in Frameworks */,
				BBD30A7C1453553700512B69 /* LKKeychain.framework in Frameworks */,
			);
			runOnlyForDeploymentPostprocessing = 0;
		};
/* End PBXFrameworksBuildPhase section */

/* Begin PBXGroup section */
		BB0D9CA614A227D200537099 /* Resources */ = {
			isa = PBXGroup;
			children = (
				BB0D9CA714A227D200537099 /* example.com (Expired CA).cer */,
				BB0D9CA814A227D200537099 /* example.com (Expired).cer */,
				BB0D9CA914A227D200537099 /* example.com (Expired, Intermediate CA).cer */,
				BB0D9CAA14A227D200537099 /* example.com (Valid).cer */,
				BB0D9CC514A2371100537099 /* example.com (Corrupt).cer */,
				BB0D9CAB14A227D200537099 /* example.com (Valid, Intermediate CA).cer */,
				BB0D9CAC14A227D200537099 /* LKKeychain Expired Test CA.cer */,
				BB0D9CAD14A227D200537099 /* LKKeychain Intermediate CA.cer */,
				BB0D9CAE14A227D200537099 /* LKKeychain Test CA.cer */,
			);
			path = Resources;
			sourceTree = "<group>";
		};
		BBD30A521453553600512B69 = {
			isa = PBXGroup;
			children = (
				BB7B60AB145CA8CD00725E1C /* README.markdown */,
				BB889343148AF0F20017E6FD /* LICENSE.markdown */,
				BB7B60AD145CB39500725E1C /* Notes.rtf */,
				BB0D9CF714A2D9E000537099 /* Framework Bugs.markdown */,
				BBD30A671453553700512B69 /* LKKeychain */,
				BBD30A7D1453553700512B69 /* LKKeychainTests */,
				BBD30A601453553700512B69 /* Frameworks */,
				BBD30A5F1453553700512B69 /* Products */,
			);
			sourceTree = "<group>";
		};
		BBD30A5F1453553700512B69 /* Products */ = {
			isa = PBXGroup;
			children = (
				BBD30A5E1453553700512B69 /* LKKeychain.framework */,
				BBD30A761453553700512B69 /* LKKeychainTests.octest */,
				BB209B5914732D6A00735207 /* liblkkeychain.a */,
			);
			name = Products;
			sourceTree = "<group>";
		};
		BBD30A601453553700512B69 /* Frameworks */ = {
			isa = PBXGroup;
			children = (
				BBD30A8E1453556300512B69 /* Security.framework */,
				BBD30A611453553700512B69 /* Cocoa.framework */,
				BBD30A771453553700512B69 /* SenTestingKit.framework */,
				BBD30A631453553700512B69 /* Other Frameworks */,
			);
			name = Frameworks;
			sourceTree = "<group>";
		};
		BBD30A631453553700512B69 /* Other Frameworks */ = {
			isa = PBXGroup;
			children = (
				BBD30A641453553700512B69 /* AppKit.framework */,
				BBD30A651453553700512B69 /* CoreData.framework */,
				BBD30A661453553700512B69 /* Foundation.framework */,
			);
			name = "Other Frameworks";
			sourceTree = "<group>";
		};
		BBD30A671453553700512B69 /* LKKeychain */ = {
			isa = PBXGroup;
			children = (
				BB889341148A854A0017E6FD /* AppledocSettings.plist */,
				BB889342148A9C7E0017E6FD /* index.markdown */,
				BBCC8B771466F89200691978 /* LKKeychain.h */,
				BBD30A6E1453553700512B69 /* LKKCKeychain.h */,
				BBD30A6F1453553700512B69 /* LKKCKeychain.m */,
				BB0E658A1454B21500C7FFF7 /* LKKCKeychainItem.h */,
				BB7B618F1460773F00725E1C /* LKKCKeychainItem+Subclasses.h */,
				BB0E658B1454B21500C7FFF7 /* LKKCKeychainItem.m */,
				BB0E65861454B1BC00C7FFF7 /* LKKCGenericPassword.h */,
				BB0E65871454B1BC00C7FFF7 /* LKKCGenericPassword.m */,
				BB0A08EC1454F68A00A5D44C /* LKKCInternetPassword.h */,
				BB0A08ED1454F68A00A5D44C /* LKKCInternetPassword.m */,
				BB0A08F01454F69A00A5D44C /* LKKCCertificate.h */,
				BB0A08F11454F69A00A5D44C /* LKKCCertificate.m */,
				BB0D9CA1149E2DCF00537099 /* LKKCTrust.h */,
				BB0D9CA2149E2DCF00537099 /* LKKCTrust.m */,
				BB0A08F41454F6A900A5D44C /* LKKCIdentity.h */,
				BB0A08F51454F6A900A5D44C /* LKKCIdentity.m */,
				BB0A08F81454F6D400A5D44C /* LKKCKey.h */,
				BB23B2B01471989900CF8EEB /* LKKCKey+Private.h */,
				BB0A08F91454F6D400A5D44C /* LKKCKey.m */,
				BB209B401472062000735207 /* LKKCCryptoContext.h */,
				BB209B411472062000735207 /* LKKCCryptoContext.m */,
				BB23B2A2146F186400CF8EEB /* LKKCKeyPair.h */,
				BB23B2A3146F186400CF8EEB /* LKKCKeyPair.m */,
				BB23B2A6146F3CA200CF8EEB /* LKKCKeyGenerator.h */,
				BB23B2A7146F3CA200CF8EEB /* LKKCKeyGenerator.m */,
				BB0E65841454636900C7FFF7 /* LKKCUtil.h */,
				BB0E65821454635F00C7FFF7 /* LKKCUtil.m */,
				BBD30A681453553700512B69 /* Supporting Files */,
			);
			path = LKKeychain;
			sourceTree = "<group>";
		};
		BBD30A681453553700512B69 /* Supporting Files */ = {
			isa = PBXGroup;
			children = (
				BBD30A691453553700512B69 /* LKKeychain-Info.plist */,
				BBD30A6A1453553700512B69 /* InfoPlist.strings */,
				BBD30A6D1453553700512B69 /* LKKeychain-Prefix.pch */,
			);
			name = "Supporting Files";
			sourceTree = "<group>";
		};
		BBD30A7D1453553700512B69 /* LKKeychainTests */ = {
			isa = PBXGroup;
			children = (
				BB0D9CA614A227D200537099 /* Resources */,
				BB209B4D1472F92E00735207 /* LKKeychainTestCase.h */,
				BB209B4E1472F92E00735207 /* LKKeychainTestCase.m */,
				BBD30A831453553700512B69 /* LKKCKeychainTests.h */,
				BBD30A841453553700512B69 /* LKKCKeychainTests.m */,
				BB23B280146D5FC600CF8EEB /* LKKCGenericPasswordTests.h */,
				BB23B281146D5FC600CF8EEB /* LKKCGenericPasswordTests.m */,
				BB23B286146DF3D000CF8EEB /* LKKCInternetPasswordTests.h */,
				BB23B287146DF3D000CF8EEB /* LKKCInternetPasswordTests.m */,
				BB0D9CD814A2A23B00537099 /* LKKCCertificateTests.h */,
				BB0D9CD914A2A23B00537099 /* LKKCCertificateTests.m */,
				BB0D9CBF14A2281D00537099 /* LKKCTrustTests.h */,
				BB0D9CC014A2281E00537099 /* LKKCTrustTests.m */,
				BB23B2AA146F5F2D00CF8EEB /* LKKCKeyTests.h */,
				BB23B2AB146F5F2D00CF8EEB /* LKKCKeyTests.m */,
				BB209B451472F8E500735207 /* AESTests.h */,
				BB209B461472F8E500735207 /* AESTests.m */,
				BB209B491472F8FB00735207 /* TripleDESTests.h */,
				BB209B4A1472F8FB00735207 /* TripleDESTests.m */,
				BB209B501472FBAB00735207 /* RSATests.h */,
				BB209B511472FBAB00735207 /* RSATests.m */,
				BBD30A7E1453553700512B69 /* Supporting Files */,
			);
			path = LKKeychainTests;
			sourceTree = "<group>";
		};
		BBD30A7E1453553700512B69 /* Supporting Files */ = {
			isa = PBXGroup;
			children = (
				BBD30A7F1453553700512B69 /* LKKeychainTests-Info.plist */,
				BBD30A801453553700512B69 /* InfoPlist.strings */,
			);
			name = "Supporting Files";
			sourceTree = "<group>";
		};
/* End PBXGroup section */

/* Begin PBXHeadersBuildPhase section */
		BB209B5714732D6A00735207 /* Headers */ = {
			isa = PBXHeadersBuildPhase;
			buildActionMask = 2147483647;
			files = (
				BB209B6F1473366500735207 /* LKKeychain.h in Headers */,
				BB209B701473366500735207 /* LKKCKeychain.h in Headers */,
				BB209B711473366500735207 /* LKKCKeychainItem.h in Headers */,
				BB209B721473366500735207 /* LKKCGenericPassword.h in Headers */,
				BB209B731473366500735207 /* LKKCInternetPassword.h in Headers */,
				BB209B741473366500735207 /* LKKCCertificate.h in Headers */,
				BB209B751473366500735207 /* LKKCIdentity.h in Headers */,
				BB209B761473366500735207 /* LKKCKey.h in Headers */,
				BB209B771473366500735207 /* LKKCCryptoContext.h in Headers */,
				BB209B781473366500735207 /* LKKCKeyPair.h in Headers */,
				BB209B791473366500735207 /* LKKCKeyGenerator.h in Headers */,
				BB0D9CC314A22C7500537099 /* LKKCTrust.h in Headers */,
				BB209B7A1473368000735207 /* LKKCKeychainItem+Subclasses.h in Headers */,
				BB209B7B1473368000735207 /* LKKCKey+Private.h in Headers */,
				BB209B7C1473368000735207 /* LKKCUtil.h in Headers */,
			);
			runOnlyForDeploymentPostprocessing = 0;
		};
		BBD30A5B1453553700512B69 /* Headers */ = {
			isa = PBXHeadersBuildPhase;
			buildActionMask = 2147483647;
			files = (
				BBCC8B781466F89200691978 /* LKKeychain.h in Headers */,
				BB0D9CC214A22C7400537099 /* LKKCKeychain.h in Headers */,
				BB0E658C1454B21500C7FFF7 /* LKKCKeychainItem.h in Headers */,
				BB0E65881454B1BC00C7FFF7 /* LKKCGenericPassword.h in Headers */,
				BB0A08EE1454F68A00A5D44C /* LKKCInternetPassword.h in Headers */,
				BB0A08FA1454F6D400A5D44C /* LKKCKey.h in Headers */,
				BB23B2A4146F186500CF8EEB /* LKKCKeyPair.h in Headers */,
				BB0A08F61454F6AA00A5D44C /* LKKCIdentity.h in Headers */,
				BB0A08F21454F69A00A5D44C /* LKKCCertificate.h in Headers */,
				BB23B2A8146F3CA200CF8EEB /* LKKCKeyGenerator.h in Headers */,
				BB209B421472062000735207 /* LKKCCryptoContext.h in Headers */,
				BB0D9CA3149E2DCF00537099 /* LKKCTrust.h in Headers */,
				BB0E65851454636900C7FFF7 /* LKKCUtil.h in Headers */,
				BB7B61911460774000725E1C /* LKKCKeychainItem+Subclasses.h in Headers */,
				BB23B2B21471989B00CF8EEB /* LKKCKey+Private.h in Headers */,
			);
			runOnlyForDeploymentPostprocessing = 0;
		};
/* End PBXHeadersBuildPhase section */

/* Begin PBXLegacyTarget section */
		BB88931E148A70860017E6FD /* Documentation */ = {
			isa = PBXLegacyTarget;
			buildArgumentsString = "--output $(SOURCE_ROOT)/docs LKKeychain";
			buildConfigurationList = BB889321148A70860017E6FD /* Build configuration list for PBXLegacyTarget "Documentation" */;
			buildPhases = (
			);
			buildToolPath = appledoc;
			buildWorkingDirectory = "$(SOURCE_ROOT)";
			dependencies = (
			);
			name = Documentation;
			passBuildSettingsInEnvironment = 1;
			productName = "LKKeychain Reference";
		};
/* End PBXLegacyTarget section */

/* Begin PBXNativeTarget section */
		BB209B5814732D6A00735207 /* Static lib */ = {
			isa = PBXNativeTarget;
			buildConfigurationList = BB209B6114732D6B00735207 /* Build configuration list for PBXNativeTarget "Static lib" */;
			buildPhases = (
				BB209B5514732D6A00735207 /* Sources */,
				BB209B5614732D6A00735207 /* Frameworks */,
				BB209B5714732D6A00735207 /* Headers */,
			);
			buildRules = (
			);
			dependencies = (
			);
			name = "Static lib";
			productName = liblkkeychain;
			productReference = BB209B5914732D6A00735207 /* liblkkeychain.a */;
			productType = "com.apple.product-type.library.static";
		};
		BBD30A5D1453553700512B69 /* Framework */ = {
			isa = PBXNativeTarget;
			buildConfigurationList = BBD30A881453553700512B69 /* Build configuration list for PBXNativeTarget "Framework" */;
			buildPhases = (
				BBD30A591453553700512B69 /* Sources */,
				BBD30A5A1453553700512B69 /* Frameworks */,
				BBD30A5B1453553700512B69 /* Headers */,
				BBD30A5C1453553700512B69 /* Resources */,
			);
			buildRules = (
			);
			dependencies = (
			);
			name = Framework;
			productName = LKKeychain;
			productReference = BBD30A5E1453553700512B69 /* LKKeychain.framework */;
			productType = "com.apple.product-type.framework";
		};
		BBD30A751453553700512B69 /* Test bundle */ = {
			isa = PBXNativeTarget;
			buildConfigurationList = BBD30A8B1453553700512B69 /* Build configuration list for PBXNativeTarget "Test bundle" */;
			buildPhases = (
				BBD30A711453553700512B69 /* Sources */,
				BBD30A721453553700512B69 /* Frameworks */,
				BBD30A731453553700512B69 /* Resources */,
				BBD30A741453553700512B69 /* ShellScript */,
			);
			buildRules = (
			);
			dependencies = (
				BBD30A7B1453553700512B69 /* PBXTargetDependency */,
			);
			name = "Test bundle";
			productName = LKKeychainTests;
			productReference = BBD30A761453553700512B69 /* LKKeychainTests.octest */;
			productType = "com.apple.product-type.bundle";
		};
/* End PBXNativeTarget section */

/* Begin PBXProject section */
		BBD30A541453553600512B69 /* Project object */ = {
			isa = PBXProject;
			attributes = {
				LastUpgradeCheck = 0420;
				ORGANIZATIONNAME = "Karoly Lorentey";
			};
			buildConfigurationList = BBD30A571453553600512B69 /* Build configuration list for PBXProject "LKKeychain" */;
			compatibilityVersion = "Xcode 3.2";
			developmentRegion = English;
			hasScannedForEncodings = 0;
			knownRegions = (
				en,
			);
			mainGroup = BBD30A521453553600512B69;
			productRefGroup = BBD30A5F1453553700512B69 /* Products */;
			projectDirPath = "";
			projectRoot = "";
			targets = (
				BBD30A5D1453553700512B69 /* Framework */,
				BB209B5814732D6A00735207 /* Static lib */,
				BBD30A751453553700512B69 /* Test bundle */,
				BB88931E148A70860017E6FD /* Documentation */,
				BB3E2AEB1477EC41009803B6 /* All targets */,
			);
		};
/* End PBXProject section */

/* Begin PBXResourcesBuildPhase section */
		BBD30A5C1453553700512B69 /* Resources */ = {
			isa = PBXResourcesBuildPhase;
			buildActionMask = 2147483647;
			files = (
				BBD30A6C1453553700512B69 /* InfoPlist.strings in Resources */,
			);
			runOnlyForDeploymentPostprocessing = 0;
		};
		BBD30A731453553700512B69 /* Resources */ = {
			isa = PBXResourcesBuildPhase;
			buildActionMask = 2147483647;
			files = (
				BBD30A821453553700512B69 /* InfoPlist.strings in Resources */,
				BB0D9CB714A227E600537099 /* example.com (Expired CA).cer in Resources */,
				BB0D9CB814A227F100537099 /* example.com (Expired).cer in Resources */,
				BB0D9CB914A227F100537099 /* example.com (Expired, Intermediate CA).cer in Resources */,
				BB0D9CBA14A227F100537099 /* example.com (Valid).cer in Resources */,
				BB0D9CBB14A227F100537099 /* example.com (Valid, Intermediate CA).cer in Resources */,
				BB0D9CBC14A227F100537099 /* LKKeychain Expired Test CA.cer in Resources */,
				BB0D9CBD14A227F100537099 /* LKKeychain Intermediate CA.cer in Resources */,
				BB0D9CBE14A227F100537099 /* LKKeychain Test CA.cer in Resources */,
				BB0D9CC614A2371100537099 /* example.com (Corrupt).cer in Resources */,
			);
			runOnlyForDeploymentPostprocessing = 0;
		};
/* End PBXResourcesBuildPhase section */

/* Begin PBXShellScriptBuildPhase section */
		BBD30A741453553700512B69 /* ShellScript */ = {
			isa = PBXShellScriptBuildPhase;
			buildActionMask = 2147483647;
			files = (
			);
			inputPaths = (
			);
			outputPaths = (
			);
			runOnlyForDeploymentPostprocessing = 0;
			shellPath = /bin/sh;
			shellScript = "# Run the unit tests in this test bundle.\n\"${SYSTEM_DEVELOPER_DIR}/Tools/RunUnitTests\"\n";
		};
/* End PBXShellScriptBuildPhase section */

/* Begin PBXSourcesBuildPhase section */
		BB209B5514732D6A00735207 /* Sources */ = {
			isa = PBXSourcesBuildPhase;
			buildActionMask = 2147483647;
			files = (
				BB209B6414732E4D00735207 /* LKKCKeychain.m in Sources */,
				BB209B6514732E4D00735207 /* LKKCKeychainItem.m in Sources */,
				BB209B6614732E4D00735207 /* LKKCGenericPassword.m in Sources */,
				BB209B6714732E4D00735207 /* LKKCInternetPassword.m in Sources */,
				BB209B6814732E4D00735207 /* LKKCCertificate.m in Sources */,
				BB209B6914732E4D00735207 /* LKKCIdentity.m in Sources */,
				BB209B6A14732E4D00735207 /* LKKCKey.m in Sources */,
				BB209B6B14732E4D00735207 /* LKKCCryptoContext.m in Sources */,
				BB209B6C14732E4D00735207 /* LKKCKeyPair.m in Sources */,
				BB209B6D14732E4D00735207 /* LKKCKeyGenerator.m in Sources */,
				BB209B6E14732E4D00735207 /* LKKCUtil.m in Sources */,
				BB0D9CC414A22C7500537099 /* LKKCTrust.m in Sources */,
			);
			runOnlyForDeploymentPostprocessing = 0;
		};
		BBD30A591453553700512B69 /* Sources */ = {
			isa = PBXSourcesBuildPhase;
			buildActionMask = 2147483647;
			files = (
				BBD30A701453553700512B69 /* LKKCKeychain.m in Sources */,
				BB0E65831454635F00C7FFF7 /* LKKCUtil.m in Sources */,
				BB0A08EA1454E19800A5D44C /* LKKCKeychainItem.m in Sources */,
				BB0A08EB1454F0FD00A5D44C /* LKKCGenericPassword.m in Sources */,
				BB0A08EF1454F68A00A5D44C /* LKKCInternetPassword.m in Sources */,
				BB0A08F31454F69A00A5D44C /* LKKCCertificate.m in Sources */,
				BB0A08F71454F6AA00A5D44C /* LKKCIdentity.m in Sources */,
				BB0A08FB1454F6D400A5D44C /* LKKCKey.m in Sources */,
				BB23B2A5146F186500CF8EEB /* LKKCKeyPair.m in Sources */,
				BB23B2A9146F3CA200CF8EEB /* LKKCKeyGenerator.m in Sources */,
				BB209B431472062000735207 /* LKKCCryptoContext.m in Sources */,
				BB0D9CA4149E2DCF00537099 /* LKKCTrust.m in Sources */,
			);
			runOnlyForDeploymentPostprocessing = 0;
		};
		BBD30A711453553700512B69 /* Sources */ = {
			isa = PBXSourcesBuildPhase;
			buildActionMask = 2147483647;
			files = (
				BBD30A851453553700512B69 /* LKKCKeychainTests.m in Sources */,
				BB23B285146D5FDF00CF8EEB /* LKKCGenericPasswordTests.m in Sources */,
				BB23B288146DF3D000CF8EEB /* LKKCInternetPasswordTests.m in Sources */,
				BB23B2AC146F5F2D00CF8EEB /* LKKCKeyTests.m in Sources */,
				BB209B4F1472F92E00735207 /* LKKeychainTestCase.m in Sources */,
				BB209B521472FBAC00735207 /* RSATests.m in Sources */,
				BB209B53147300D400735207 /* AESTests.m in Sources */,
				BB209B54147300D800735207 /* TripleDESTests.m in Sources */,
				BB0D9CC114A2281E00537099 /* LKKCTrustTests.m in Sources */,
				BB0D9CDA14A2A23C00537099 /* LKKCCertificateTests.m in Sources */,
			);
			runOnlyForDeploymentPostprocessing = 0;
		};
/* End PBXSourcesBuildPhase section */

/* Begin PBXTargetDependency section */
		BB3E2AF11477EC4E009803B6 /* PBXTargetDependency */ = {
			isa = PBXTargetDependency;
			target = BBD30A5D1453553700512B69 /* Framework */;
			targetProxy = BB3E2AF01477EC4E009803B6 /* PBXContainerItemProxy */;
		};
		BB3E2AF31477EC4E009803B6 /* PBXTargetDependency */ = {
			isa = PBXTargetDependency;
			target = BB209B5814732D6A00735207 /* Static lib */;
			targetProxy = BB3E2AF21477EC4E009803B6 /* PBXContainerItemProxy */;
		};
		BB889324148A70C60017E6FD /* PBXTargetDependency */ = {
			isa = PBXTargetDependency;
			target = BB88931E148A70860017E6FD /* Documentation */;
			targetProxy = BB889323148A70C60017E6FD /* PBXContainerItemProxy */;
		};
		BBD30A7B1453553700512B69 /* PBXTargetDependency */ = {
			isa = PBXTargetDependency;
			target = BBD30A5D1453553700512B69 /* Framework */;
			targetProxy = BBD30A7A1453553700512B69 /* PBXContainerItemProxy */;
		};
/* End PBXTargetDependency section */

/* Begin PBXVariantGroup section */
		BBD30A6A1453553700512B69 /* InfoPlist.strings */ = {
			isa = PBXVariantGroup;
			children = (
				BBD30A6B1453553700512B69 /* en */,
			);
			name = InfoPlist.strings;
			sourceTree = "<group>";
		};
		BBD30A801453553700512B69 /* InfoPlist.strings */ = {
			isa = PBXVariantGroup;
			children = (
				BBD30A811453553700512B69 /* en */,
			);
			name = InfoPlist.strings;
			sourceTree = "<group>";
		};
/* End PBXVariantGroup section */

/* Begin XCBuildConfiguration section */
		BB209B6214732D6B00735207 /* Debug */ = {
			isa = XCBuildConfiguration;
			buildSettings = {
				GCC_PRECOMPILE_PREFIX_HEADER = YES;
				GCC_PREFIX_HEADER = "LKKeychain/LKKeychain-Prefix.pch";
				MACOSX_DEPLOYMENT_TARGET = 10.7;
				PRODUCT_NAME = lkkeychain;
			};
			name = Debug;
		};
		BB209B6314732D6B00735207 /* Release */ = {
			isa = XCBuildConfiguration;
			buildSettings = {
				GCC_PRECOMPILE_PREFIX_HEADER = YES;
				GCC_PREFIX_HEADER = "LKKeychain/LKKeychain-Prefix.pch";
				MACOSX_DEPLOYMENT_TARGET = 10.7;
				PRODUCT_NAME = lkkeychain;
			};
			name = Release;
		};
		BB3E2AEC1477EC41009803B6 /* Debug */ = {
			isa = XCBuildConfiguration;
			buildSettings = {
				ONLY_ACTIVE_ARCH = NO;
				PRODUCT_NAME = "$(TARGET_NAME)";
			};
			name = Debug;
		};
		BB3E2AED1477EC41009803B6 /* Release */ = {
			isa = XCBuildConfiguration;
			buildSettings = {
				PRODUCT_NAME = "$(TARGET_NAME)";
			};
			name = Release;
		};
		BB88931F148A70860017E6FD /* Debug */ = {
			isa = XCBuildConfiguration;
			buildSettings = {
				PRODUCT_NAME = "LKKeychain Reference";
			};
			name = Debug;
		};
		BB889320148A70860017E6FD /* Release */ = {
			isa = XCBuildConfiguration;
			buildSettings = {
				PRODUCT_NAME = "LKKeychain Reference";
			};
			name = Release;
		};
		BBD30A861453553700512B69 /* Debug */ = {
			isa = XCBuildConfiguration;
			buildSettings = {
				ALWAYS_SEARCH_USER_PATHS = NO;
				ARCHS = "$(ARCHS_STANDARD_32_64_BIT)";
				COPY_PHASE_STRIP = NO;
				GCC_C_LANGUAGE_STANDARD = gnu99;
				GCC_DYNAMIC_NO_PIC = NO;
				GCC_ENABLE_OBJC_EXCEPTIONS = YES;
				GCC_OPTIMIZATION_LEVEL = 0;
				GCC_PREPROCESSOR_DEFINITIONS = (
					"DEBUG=1",
					"$(inherited)",
				);
				GCC_SYMBOLS_PRIVATE_EXTERN = NO;
				GCC_VERSION = com.apple.compilers.llvm.clang.1_0;
				GCC_WARN_64_TO_32_BIT_CONVERSION = YES;
				GCC_WARN_ABOUT_DEPRECATED_FUNCTIONS = NO;
				GCC_WARN_ABOUT_MISSING_PROTOTYPES = YES;
				GCC_WARN_ABOUT_RETURN_TYPE = YES;
				GCC_WARN_UNUSED_VARIABLE = YES;
				MACOSX_DEPLOYMENT_TARGET = 10.6;
				ONLY_ACTIVE_ARCH = YES;
				SDKROOT = macosx;
			};
			name = Debug;
		};
		BBD30A871453553700512B69 /* Release */ = {
			isa = XCBuildConfiguration;
			buildSettings = {
				ALWAYS_SEARCH_USER_PATHS = NO;
				ARCHS = "$(ARCHS_STANDARD_32_64_BIT)";
				COPY_PHASE_STRIP = YES;
				DEBUG_INFORMATION_FORMAT = "dwarf-with-dsym";
				GCC_C_LANGUAGE_STANDARD = gnu99;
				GCC_ENABLE_OBJC_EXCEPTIONS = YES;
				GCC_VERSION = com.apple.compilers.llvm.clang.1_0;
				GCC_WARN_64_TO_32_BIT_CONVERSION = YES;
				GCC_WARN_ABOUT_DEPRECATED_FUNCTIONS = NO;
				GCC_WARN_ABOUT_MISSING_PROTOTYPES = YES;
				GCC_WARN_ABOUT_RETURN_TYPE = YES;
				GCC_WARN_UNUSED_VARIABLE = YES;
				MACOSX_DEPLOYMENT_TARGET = 10.6;
				SDKROOT = macosx;
			};
			name = Release;
		};
		BBD30A891453553700512B69 /* Debug */ = {
			isa = XCBuildConfiguration;
			buildSettings = {
				DYLIB_COMPATIBILITY_VERSION = 1;
				DYLIB_CURRENT_VERSION = 1;
				FRAMEWORK_VERSION = A;
				GCC_PRECOMPILE_PREFIX_HEADER = YES;
				GCC_PREFIX_HEADER = "LKKeychain/LKKeychain-Prefix.pch";
				INFOPLIST_FILE = "LKKeychain/LKKeychain-Info.plist";
				PRODUCT_NAME = LKKeychain;
				WRAPPER_EXTENSION = framework;
			};
			name = Debug;
		};
		BBD30A8A1453553700512B69 /* Release */ = {
			isa = XCBuildConfiguration;
			buildSettings = {
				DYLIB_COMPATIBILITY_VERSION = 1;
				DYLIB_CURRENT_VERSION = 1;
				FRAMEWORK_VERSION = A;
				GCC_PRECOMPILE_PREFIX_HEADER = YES;
				GCC_PREFIX_HEADER = "LKKeychain/LKKeychain-Prefix.pch";
				INFOPLIST_FILE = "LKKeychain/LKKeychain-Info.plist";
				PRODUCT_NAME = LKKeychain;
				WRAPPER_EXTENSION = framework;
			};
			name = Release;
		};
		BBD30A8C1453553700512B69 /* Debug */ = {
			isa = XCBuildConfiguration;
			buildSettings = {
				FRAMEWORK_SEARCH_PATHS = "$(DEVELOPER_LIBRARY_DIR)/Frameworks";
				GCC_PRECOMPILE_PREFIX_HEADER = YES;
				GCC_PREFIX_HEADER = "LKKeychain/LKKeychain-Prefix.pch";
				INFOPLIST_FILE = "LKKeychainTests/LKKeychainTests-Info.plist";
				PRODUCT_NAME = LKKeychainTests;
				WRAPPER_EXTENSION = octest;
			};
			name = Debug;
		};
		BBD30A8D1453553700512B69 /* Release */ = {
			isa = XCBuildConfiguration;
			buildSettings = {
				FRAMEWORK_SEARCH_PATHS = "$(DEVELOPER_LIBRARY_DIR)/Frameworks";
				GCC_PRECOMPILE_PREFIX_HEADER = YES;
				GCC_PREFIX_HEADER = "LKKeychain/LKKeychain-Prefix.pch";
				INFOPLIST_FILE = "LKKeychainTests/LKKeychainTests-Info.plist";
				PRODUCT_NAME = LKKeychainTests;
				WRAPPER_EXTENSION = octest;
			};
			name = Release;
		};
/* End XCBuildConfiguration section */

/* Begin XCConfigurationList section */
		BB209B6114732D6B00735207 /* Build configuration list for PBXNativeTarget "Static lib" */ = {
			isa = XCConfigurationList;
			buildConfigurations = (
				BB209B6214732D6B00735207 /* Debug */,
				BB209B6314732D6B00735207 /* Release */,
			);
			defaultConfigurationIsVisible = 0;
			defaultConfigurationName = Release;
		};
		BB3E2AEE1477EC41009803B6 /* Build configuration list for PBXAggregateTarget "All targets" */ = {
			isa = XCConfigurationList;
			buildConfigurations = (
				BB3E2AEC1477EC41009803B6 /* Debug */,
				BB3E2AED1477EC41009803B6 /* Release */,
			);
			defaultConfigurationIsVisible = 0;
			defaultConfigurationName = Release;
		};
		BB889321148A70860017E6FD /* Build configuration list for PBXLegacyTarget "Documentation" */ = {
			isa = XCConfigurationList;
			buildConfigurations = (
				BB88931F148A70860017E6FD /* Debug */,
				BB889320148A70860017E6FD /* Release */,
			);
			defaultConfigurationIsVisible = 0;
			defaultConfigurationName = Release;
		};
		BBD30A571453553600512B69 /* Build configuration list for PBXProject "LKKeychain" */ = {
			isa = XCConfigurationList;
			buildConfigurations = (
				BBD30A861453553700512B69 /* Debug */,
				BBD30A871453553700512B69 /* Release */,
			);
			defaultConfigurationIsVisible = 0;
			defaultConfigurationName = Release;
		};
		BBD30A881453553700512B69 /* Build configuration list for PBXNativeTarget "Framework" */ = {
			isa = XCConfigurationList;
			buildConfigurations = (
				BBD30A891453553700512B69 /* Debug */,
				BBD30A8A1453553700512B69 /* Release */,
			);
			defaultConfigurationIsVisible = 0;
			defaultConfigurationName = Release;
		};
		BBD30A8B1453553700512B69 /* Build configuration list for PBXNativeTarget "Test bundle" */ = {
			isa = XCConfigurationList;
			buildConfigurations = (
				BBD30A8C1453553700512B69 /* Debug */,
				BBD30A8D1453553700512B69 /* Release */,
			);
			defaultConfigurationIsVisible = 0;
			defaultConfigurationName = Release;
		};
/* End XCConfigurationList section */
	};
	rootObject = BBD30A541453553600512B69 /* Project object */;
}
